
Microsoft Visual Studio Solution File, Format Version 12.00
# Visual Studio Version 17
VisualStudioVersion = 17.0.32112.339
MinimumVisualStudioVersion = 10.0.40219.1
Project("{2150E333-8FDC-42A3-9474-1A3956D46DE8}") = "Solution Items", "Solution Items", "{A10D0EBD-6033-47D7-8F74-E8DCA715965F}"
	ProjectSection(SolutionItems) = preProject
		.editorconfig = .editorconfig
	EndProjectSection
EndProject
Project("{9A19103F-16F7-4668-BE54-9A1E7A4F7556}") = "RideSharing.DAL", "RideSharing.DAL\RideSharing.DAL.csproj", "{441F2944-0096-43DA-B10E-E7BECAC9CCC5}"
EndProject
Project("{FAE04EC0-301F-11D3-BF4B-00C04F79EFBC}") = "RideSharing.Common", "RideSharing.Common\RideSharing.Common.csproj", "{4034479B-4A08-4549-8726-FDB98A0B3405}"
EndProject
Global
	GlobalSection(SolutionConfigurationPlatforms) = preSolution
		Debug|Any CPU = Debug|Any CPU
		Release|Any CPU = Release|Any CPU
	EndGlobalSection
	GlobalSection(ProjectConfigurationPlatforms) = postSolution
		{441F2944-0096-43DA-B10E-E7BECAC9CCC5}.Debug|Any CPU.ActiveCfg = Debug|Any CPU
		{441F2944-0096-43DA-B10E-E7BECAC9CCC5}.Debug|Any CPU.Build.0 = Debug|Any CPU
		{441F2944-0096-43DA-B10E-E7BECAC9CCC5}.Release|Any CPU.ActiveCfg = Release|Any CPU
		{441F2944-0096-43DA-B10E-E7BECAC9CCC5}.Release|Any CPU.Build.0 = Release|Any CPU
		{4034479B-4A08-4549-8726-FDB98A0B3405}.Debug|Any CPU.ActiveCfg = Debug|Any CPU
		{4034479B-4A08-4549-8726-FDB98A0B3405}.Debug|Any CPU.Build.0 = Debug|Any CPU
		{4034479B-4A08-4549-8726-FDB98A0B3405}.Release|Any CPU.ActiveCfg = Release|Any CPU
		{4034479B-4A08-4549-8726-FDB98A0B3405}.Release|Any CPU.Build.0 = Release|Any CPU
	EndGlobalSection
	GlobalSection(SolutionProperties) = preSolution
		HideSolutionNode = FALSE
	EndGlobalSection
	GlobalSection(ExtensibilityGlobals) = postSolution
		SolutionGuid = {03B12A7D-190F-4476-8D6C-837BB88BCEE4}
	EndGlobalSection
EndGlobal
